
Microsoft Visual Studio Solution File, Format Version 12.00
# Visual Studio Version 16
VisualStudioVersion = 16.0.32126.315
MinimumVisualStudioVersion = 10.0.40219.1
Project("{FAE04EC0-301F-11D3-BF4B-00C04F79EFBC}") = "AcmeAccounting", "AcmeAccounting\AcmeAccounting.csproj", "{E92183BA-56BF-4E37-BD7F-0B8E543890AF}"
EndProject
Global
	GlobalSection(SolutionConfigurationPlatforms) = preSolution
		Debug|Any CPU = Debug|Any CPU
		Release|Any CPU = Release|Any CPU
	EndGlobalSection
	GlobalSection(ProjectConfigurationPlatforms) = postSolution
		{E92183BA-56BF-4E37-BD7F-0B8E543890AF}.Debug|Any CPU.ActiveCfg = Debug|Any CPU
		{E92183BA-56BF-4E37-BD7F-0B8E543890AF}.Debug|Any CPU.Build.0 = Debug|Any CPU
		{E92183BA-56BF-4E37-BD7F-0B8E543890AF}.Release|Any CPU.ActiveCfg = Release|Any CPU
		{E92183BA-56BF-4E37-BD7F-0B8E543890AF}.Release|Any CPU.Build.0 = Release|Any CPU
	EndGlobalSection
	GlobalSection(SolutionProperties) = preSolution
		HideSolutionNode = FALSE
	EndGlobalSection
	GlobalSection(ExtensibilityGlobals) = postSolution
		SolutionGuid = {D2E987E7-2E69-42DB-8DFC-7F51DD804358}
	EndGlobalSection
EndGlobal
