
Microsoft Visual Studio Solution File, Format Version 12.00
# Visual Studio Version 16
VisualStudioVersion = 16.0.32126.315
MinimumVisualStudioVersion = 10.0.40219.1
Project("{FAE04EC0-301F-11D3-BF4B-00C04F79EFBC}") = "WhileAndDoWhile", "WhileAndDoWhile\WhileAndDoWhile.csproj", "{C6ED3B1A-B411-4EE9-9E66-0349C7C376AF}"
EndProject
Global
	GlobalSection(SolutionConfigurationPlatforms) = preSolution
		Debug|Any CPU = Debug|Any CPU
		Release|Any CPU = Release|Any CPU
	EndGlobalSection
	GlobalSection(ProjectConfigurationPlatforms) = postSolution
		{C6ED3B1A-B411-4EE9-9E66-0349C7C376AF}.Debug|Any CPU.ActiveCfg = Debug|Any CPU
		{C6ED3B1A-B411-4EE9-9E66-0349C7C376AF}.Debug|Any CPU.Build.0 = Debug|Any CPU
		{C6ED3B1A-B411-4EE9-9E66-0349C7C376AF}.Release|Any CPU.ActiveCfg = Release|Any CPU
		{C6ED3B1A-B411-4EE9-9E66-0349C7C376AF}.Release|Any CPU.Build.0 = Release|Any CPU
	EndGlobalSection
	GlobalSection(SolutionProperties) = preSolution
		HideSolutionNode = FALSE
	EndGlobalSection
	GlobalSection(ExtensibilityGlobals) = postSolution
		SolutionGuid = {E970491B-3889-4F97-8351-20E9A59F7B0B}
	EndGlobalSection
EndGlobal
