
Microsoft Visual Studio Solution File, Format Version 12.00
# Visual Studio Version 16
VisualStudioVersion = 16.0.32126.315
MinimumVisualStudioVersion = 10.0.40219.1
Project("{FAE04EC0-301F-11D3-BF4B-00C04F79EFBC}") = "AbstractClass", "AbstractClass\AbstractClass.csproj", "{CB9FC4EA-8DEE-4D00-BC0A-FF43A955E62A}"
EndProject
Global
	GlobalSection(SolutionConfigurationPlatforms) = preSolution
		Debug|Any CPU = Debug|Any CPU
		Release|Any CPU = Release|Any CPU
	EndGlobalSection
	GlobalSection(ProjectConfigurationPlatforms) = postSolution
		{CB9FC4EA-8DEE-4D00-BC0A-FF43A955E62A}.Debug|Any CPU.ActiveCfg = Debug|Any CPU
		{CB9FC4EA-8DEE-4D00-BC0A-FF43A955E62A}.Debug|Any CPU.Build.0 = Debug|Any CPU
		{CB9FC4EA-8DEE-4D00-BC0A-FF43A955E62A}.Release|Any CPU.ActiveCfg = Release|Any CPU
		{CB9FC4EA-8DEE-4D00-BC0A-FF43A955E62A}.Release|Any CPU.Build.0 = Release|Any CPU
	EndGlobalSection
	GlobalSection(SolutionProperties) = preSolution
		HideSolutionNode = FALSE
	EndGlobalSection
	GlobalSection(ExtensibilityGlobals) = postSolution
		SolutionGuid = {3B8F54A3-0C6E-491F-B98C-AAB0882EFAFD}
	EndGlobalSection
EndGlobal
